
Microsoft Visual Studio Solution File, Format Version 12.00
# Visual Studio Version 17
VisualStudioVersion = 17.5.33516.290
MinimumVisualStudioVersion = 10.0.40219.1
Project("{9A19103F-16F7-4668-BE54-9A1E7A4F7556}") = "MiddlewareDemo", "MiddlewareDemo\MiddlewareDemo.csproj", "{4259882B-53D6-4BA8-B49C-E8E4E575553F}"
EndProject
Project("{9A19103F-16F7-4668-BE54-9A1E7A4F7556}") = "RoutingDemo", "RoutingDemo\RoutingDemo.csproj", "{2E118FA3-72E3-47F7-9E8C-07D6644210B2}"
EndProject
Project("{9A19103F-16F7-4668-BE54-9A1E7A4F7556}") = "FiltersDemo", "FiltersDemo\FiltersDemo.csproj", "{B8D6C133-4947-4F5C-BC65-CCD78618A53B}"
EndProject
Project("{FAE04EC0-301F-11D3-BF4B-00C04F79EFBC}") = "ActionMethod", "ActionMethod\ActionMethod.csproj", "{0DAE22A7-D349-43FD-A5AD-C1D9ABA915AB}"
EndProject
Global
	GlobalSection(SolutionConfigurationPlatforms) = preSolution
		Debug|Any CPU = Debug|Any CPU
		Release|Any CPU = Release|Any CPU
	EndGlobalSection
	GlobalSection(ProjectConfigurationPlatforms) = postSolution
		{4259882B-53D6-4BA8-B49C-E8E4E575553F}.Debug|Any CPU.ActiveCfg = Debug|Any CPU
		{4259882B-53D6-4BA8-B49C-E8E4E575553F}.Debug|Any CPU.Build.0 = Debug|Any CPU
		{4259882B-53D6-4BA8-B49C-E8E4E575553F}.Release|Any CPU.ActiveCfg = Release|Any CPU
		{4259882B-53D6-4BA8-B49C-E8E4E575553F}.Release|Any CPU.Build.0 = Release|Any CPU
		{2E118FA3-72E3-47F7-9E8C-07D6644210B2}.Debug|Any CPU.ActiveCfg = Debug|Any CPU
		{2E118FA3-72E3-47F7-9E8C-07D6644210B2}.Debug|Any CPU.Build.0 = Debug|Any CPU
		{2E118FA3-72E3-47F7-9E8C-07D6644210B2}.Release|Any CPU.ActiveCfg = Release|Any CPU
		{2E118FA3-72E3-47F7-9E8C-07D6644210B2}.Release|Any CPU.Build.0 = Release|Any CPU
		{B8D6C133-4947-4F5C-BC65-CCD78618A53B}.Debug|Any CPU.ActiveCfg = Debug|Any CPU
		{B8D6C133-4947-4F5C-BC65-CCD78618A53B}.Debug|Any CPU.Build.0 = Debug|Any CPU
		{B8D6C133-4947-4F5C-BC65-CCD78618A53B}.Release|Any CPU.ActiveCfg = Release|Any CPU
		{B8D6C133-4947-4F5C-BC65-CCD78618A53B}.Release|Any CPU.Build.0 = Release|Any CPU
		{0DAE22A7-D349-43FD-A5AD-C1D9ABA915AB}.Debug|Any CPU.ActiveCfg = Debug|Any CPU
		{0DAE22A7-D349-43FD-A5AD-C1D9ABA915AB}.Debug|Any CPU.Build.0 = Debug|Any CPU
		{0DAE22A7-D349-43FD-A5AD-C1D9ABA915AB}.Release|Any CPU.ActiveCfg = Release|Any CPU
		{0DAE22A7-D349-43FD-A5AD-C1D9ABA915AB}.Release|Any CPU.Build.0 = Release|Any CPU
	EndGlobalSection
	GlobalSection(SolutionProperties) = preSolution
		HideSolutionNode = FALSE
	EndGlobalSection
	GlobalSection(ExtensibilityGlobals) = postSolution
		SolutionGuid = {E6238CF3-53D1-4CEE-AEC3-92ECA5C40B34}
	EndGlobalSection
EndGlobal
